{
  "name": "ajs-with-library",
  "version": "1.0.0",
  "lockfileVersion": 1,
  "requires": true,
  "dependencies": {
    "@svetlana-arkhipova/ajs": {
      "version": "1.0.0",
      "resolved": "https://npm.pkg.github.com/download/@svetlana-arkhipova/ajs/1.0.0/f799d5bf55a07c3ae3b6fe4a5aea0b53112f947b31dce9e8a2cac1950454ee74",
      "integrity": "sha512-OhZEV/GK8WvcrIQU1NLsjubg5iUTt1j8SchPV4uGZ1hdJUomjRZU06g18uswfEdt6ShmTmgnkXXJWjPn/IZxtQ=="
    }
  }
}
